PODS:
  - curvelib.swift (2.0.0)
  - KeychainSwift (20.0.0)
  - TorusSessionManager (6.0.0):
    - curvelib.swift (~> 2.0.0)
    - KeychainSwift (~> 20.0.0)

DEPENDENCIES:
  - TorusSessionManager (from `../`)

SPEC REPOS:
  trunk:
    - curvelib.swift
    - KeychainSwift

EXTERNAL SOURCES:
  TorusSessionManager:
    :path: "../"

SPEC CHECKSUMS:
  curvelib.swift: b9223e5cac801effed8a5fe8968e952b3fe427a5
  KeychainSwift: 0ce6a4d13f7228054d1a71bb1b500448fb2ab837
  TorusSessionManager: a2d63655c6f795d1609acb1b9feaf5ffb7f9e4ed

PODFILE CHECKSUM: c29a712eea414ba0237d853898c62c228bdfbcda

COCOAPODS: 1.15.2
